{
  "name": "KALAMRUT",
  "lockfileVersion": 3,
  "requires": true,
  "packages": {
    "": {
      "dependencies": {
        "@fortawesome/free-brands-svg-icons": "^7.0.0",
        "react-chatbot-kit": "^2.2.2"
      }
    },
    "node_modules/@fortawesome/fontawesome-common-types": {
      "version": "7.0.0",
      "resolved": "https://registry.npmjs.org/@fortawesome/fontawesome-common-types/-/fontawesome-common-types-7.0.0.tgz",
      "integrity": "sha512-PGMrIYXLGA5K8RWy8zwBkd4vFi4z7ubxtet6Yn13Plf6krRTwPbdlCwlcfmoX0R7B4Z643QvrtHmdQ5fNtfFCg==",
      "license": "MIT",
      "engines": {
        "node": ">=6"
      }
    },
    "node_modules/@fortawesome/free-brands-svg-icons": {
      "version": "7.0.0",
      "resolved": "https://registry.npmjs.org/@fortawesome/free-brands-svg-icons/-/free-brands-svg-icons-7.0.0.tgz",
      "integrity": "sha512-C8oY28gq/Qx/cHReJa2AunKJUHvUZDVoPlSTHtAvjriaNfi+5nugW4cx7yA/xN3f/nYkElw11gFBoJ2xUDDFgg==",
      "license": "(CC-BY-4.0 AND MIT)",
      "dependencies": {
        "@fortawesome/fontawesome-common-types": "7.0.0"
      },
      "engines": {
        "node": ">=6"
      }
    },
    "node_modules/react-chatbot-kit": {
      "version": "2.2.2",
      "resolved": "https://registry.npmjs.org/react-chatbot-kit/-/react-chatbot-kit-2.2.2.tgz",
      "integrity": "sha512-8p/i0KkzkhoyG2XsL6Pb6f72k9j7GYNAc5SOa4f9OZwbCD3Q34uEruNPc06qa1wZHKfT6aFna19PA2plFuO2NA==",
      "license": "MIT",
      "dependencies": {
        "react-conditionally-render": "^1.0.2"
      }
    },
    "node_modules/react-conditionally-render": {
      "version": "1.0.2",
      "resolved": "https://registry.npmjs.org/react-conditionally-render/-/react-conditionally-render-1.0.2.tgz",
      "integrity": "sha512-CtjIgaLHVDSgHis3gv/PT/8EnD6GPUL8PrhUjh7DP6S5Y3p56dGu7y2nVg6pYv1kv+fGznRhRmX3assr/vRw3A==",
      "license": "ISC"
    }
  }
}
